
Microsoft Visual Studio Solution File, Format Version 12.00
# Visual Studio Version 17
VisualStudioVersion = 17.13.35818.85
MinimumVisualStudioVersion = 10.0.40219.1
Project("{FAE04EC0-301F-11D3-BF4B-00C04F79EFBC}") = "SeyChatBoxAI.WebClient", "SeyChatBoxAI.WebClient\SeyChatBoxAI.WebClient.csproj", "{993FDFFC-3982-41CA-BE07-73433B6A0CC6}"
EndProject
Project("{FAE04EC0-301F-11D3-BF4B-00C04F79EFBC}") = "SeyChatBoxAI.API", "SeyChatBoxAI.API\SeyChatBoxAI.API.csproj", "{7DAAA41E-4C2B-4D27-BD4A-EC24982AD51F}"
EndProject
Global
	GlobalSection(SolutionConfigurationPlatforms) = preSolution
		Debug|Any CPU = Debug|Any CPU
		Release|Any CPU = Release|Any CPU
	EndGlobalSection
	GlobalSection(ProjectConfigurationPlatforms) = postSolution
		{993FDFFC-3982-41CA-BE07-73433B6A0CC6}.Debug|Any CPU.ActiveCfg = Debug|Any CPU
		{993FDFFC-3982-41CA-BE07-73433B6A0CC6}.Debug|Any CPU.Build.0 = Debug|Any CPU
		{993FDFFC-3982-41CA-BE07-73433B6A0CC6}.Release|Any CPU.ActiveCfg = Release|Any CPU
		{993FDFFC-3982-41CA-BE07-73433B6A0CC6}.Release|Any CPU.Build.0 = Release|Any CPU
		{7DAAA41E-4C2B-4D27-BD4A-EC24982AD51F}.Debug|Any CPU.ActiveCfg = Debug|Any CPU
		{7DAAA41E-4C2B-4D27-BD4A-EC24982AD51F}.Debug|Any CPU.Build.0 = Debug|Any CPU
		{7DAAA41E-4C2B-4D27-BD4A-EC24982AD51F}.Release|Any CPU.ActiveCfg = Release|Any CPU
		{7DAAA41E-4C2B-4D27-BD4A-EC24982AD51F}.Release|Any CPU.Build.0 = Release|Any CPU
	EndGlobalSection
	GlobalSection(SolutionProperties) = preSolution
		HideSolutionNode = FALSE
	EndGlobalSection
	GlobalSection(ExtensibilityGlobals) = postSolution
		SolutionGuid = {409E7FD1-130B-4A98-8D54-29701333E020}
	EndGlobalSection
EndGlobal
